PODS:
  - RESideMenu (4.0.7)
  - SVProgressHUD (2.0.3)

DEPENDENCIES:
  - RESideMenu
  - SVProgressHUD

SPEC CHECKSUMS:
  RESideMenu: f24c508404b49c667344c54aba7e590883533958
  SVProgressHUD: b0830714205bea1317ea1a2ebc71e5633af334d4

PODFILE CHECKSUM: 9b33af584b8f5cd74bef9335f001ad54e06f7e05

COCOAPODS: 1.0.1
