PODS:
  - Bolts (1.8.4):
    - Bolts/AppLinks (= 1.8.4)
    - Bolts/Tasks (= 1.8.4)
  - Bolts/AppLinks (1.8.4):
    - Bolts/Tasks
  - Bolts/Tasks (1.8.4)
  - CarbonKit (2.1.9)
  - Facebook-iOS-SDK (4.1.0):
    - Bolts (~> 1.1)
    - Facebook-iOS-SDK/CoreKit (= 4.1.0)
    - Facebook-iOS-SDK/LoginKit (= 4.1.0)
    - Facebook-iOS-SDK/ShareKit (= 4.1.0)
  - Facebook-iOS-SDK/CoreKit (4.1.0):
    - Bolts (~> 1.1)
    - Facebook-iOS-SDK/CoreKit/no-arc (= 4.1.0)
  - Facebook-iOS-SDK/CoreKit/no-arc (4.1.0):
    - Bolts (~> 1.1)
  - Facebook-iOS-SDK/LoginKit (4.1.0):
    - Bolts (~> 1.1)
    - Facebook-iOS-SDK/CoreKit
  - Facebook-iOS-SDK/ShareKit (4.1.0):
    - Bolts (~> 1.1)
    - Facebook-iOS-SDK/CoreKit
  - RESideMenu (4.0.7)
  - SAMKeychain (1.5.2)
  - SVProgressHUD (2.0.4)
  - ViewDeck (2.4.2)

DEPENDENCIES:
  - CarbonKit (~> 2.1)
  - Facebook-iOS-SDK
  - RESideMenu
  - SAMKeychain
  - SVProgressHUD
  - ViewDeck

SPEC CHECKSUMS:
  Bolts: 8a7995239dbe724f9cba2248b766d48b7ebdd322
  CarbonKit: af16a9c0d2b6c908a5985fe4633424d38c9bfc0a
  Facebook-iOS-SDK: f42dfb27283bf5f05e3a9edc88459a75b9892d99
  RESideMenu: f24c508404b49c667344c54aba7e590883533958
  SAMKeychain: 1865333198217411f35327e8da61b43de79b635b
  SVProgressHUD: bfde85ed6c573ea802b9cb37894ed9b629034f1b
  ViewDeck: 0b7b83bc2782a20dfb76207d0a2e8c5e6a6d182d

PODFILE CHECKSUM: 85539d80b2eb48730a14aa142096898a863a398a

COCOAPODS: 1.0.1
