// !$*UTF8*$!
{
	archiveVersion = 1;
	classes = {
	};
	objectVersion = 46;
	objects = {

/* Begin PBXBuildFile section */
		0FF0D2B03AEAB4DF39EAFD22 /* libPods-ResqUITests.a in Frameworks */ = {isa = PBXBuildFile; fileRef = A956C45DB19A854711506DB2 /* libPods-ResqUITests.a */; };
		6450958A084E006C72E2423A /* libPods-ResqTests.a in Frameworks */ = {isa = PBXBuildFile; fileRef = 589765DA3E0CCEE90880D0B8 /* libPods-ResqTests.a */; };
		7853170B1DDA3F1E00FC379A /* main.m in Sources */ = {isa = PBXBuildFile; fileRef = 7853170A1DDA3F1E00FC379A /* main.m */; };
		7853170E1DDA3F1E00FC379A /* AppDelegate.m in Sources */ = {isa = PBXBuildFile; fileRef = 7853170D1DDA3F1E00FC379A /* AppDelegate.m */; };
		785317141DDA3F1E00FC379A /* Main.storyboard in Resources */ = {isa = PBXBuildFile; fileRef = 785317121DDA3F1E00FC379A /* Main.storyboard */; };
		785317171DDA3F1E00FC379A /* Resq.xcdatamodeld in Sources */ = {isa = PBXBuildFile; fileRef = 785317151DDA3F1E00FC379A /* Resq.xcdatamodeld */; };
		785317191DDA3F1E00FC379A /* Assets.xcassets in Resources */ = {isa = PBXBuildFile; fileRef = 785317181DDA3F1E00FC379A /* Assets.xcassets */; };
		7853171C1DDA3F1E00FC379A /* LaunchScreen.storyboard in Resources */ = {isa = PBXBuildFile; fileRef = 7853171A1DDA3F1E00FC379A /* LaunchScreen.storyboard */; };
		785317271DDA3F1F00FC379A /* ResqTests.m in Sources */ = {isa = PBXBuildFile; fileRef = 785317261DDA3F1F00FC379A /* ResqTests.m */; };
		785317321DDA3F1F00FC379A /* ResqUITests.m in Sources */ = {isa = PBXBuildFile; fileRef = 785317311DDA3F1F00FC379A /* ResqUITests.m */; };
		786EEE7F1DDCD26500B6C40F /* Hero.aiff in Resources */ = {isa = PBXBuildFile; fileRef = 786EEE7E1DDCD26500B6C40F /* Hero.aiff */; };
		786EEE821DDCD2AD00B6C40F /* ResqLocationManager.m in Sources */ = {isa = PBXBuildFile; fileRef = 786EEE811DDCD2AD00B6C40F /* ResqLocationManager.m */; };
		786EEE861DDCDD0400B6C40F /* PhoneNumberViewController.m in Sources */ = {isa = PBXBuildFile; fileRef = 786EEE851DDCDD0400B6C40F /* PhoneNumberViewController.m */; };
		786EEE891DDCE05400B6C40F /* CountryTableViewCell.m in Sources */ = {isa = PBXBuildFile; fileRef = 786EEE881DDCE05400B6C40F /* CountryTableViewCell.m */; };
		786EEE8C1DDCE34E00B6C40F /* CountryPickerViewController.m in Sources */ = {isa = PBXBuildFile; fileRef = 786EEE8B1DDCE34E00B6C40F /* CountryPickerViewController.m */; };
		786EEE8E1DDCE68000B6C40F /* country.json in Resources */ = {isa = PBXBuildFile; fileRef = 786EEE8D1DDCE68000B6C40F /* country.json */; };
		7890D7B61DE3B05800C17E78 /* BluetoothViewController.m in Sources */ = {isa = PBXBuildFile; fileRef = 7890D7B51DE3B05800C17E78 /* BluetoothViewController.m */; };
		78A70D661DDBB6BD003BB2E1 /* ActivateViewController.m in Sources */ = {isa = PBXBuildFile; fileRef = 78A70D651DDBB6BD003BB2E1 /* ActivateViewController.m */; };
		78A70D691DDBB843003BB2E1 /* MenuViewController.m in Sources */ = {isa = PBXBuildFile; fileRef = 78A70D681DDBB843003BB2E1 /* MenuViewController.m */; };
		78A70D6C1DDBB9E5003BB2E1 /* ResqViewController.m in Sources */ = {isa = PBXBuildFile; fileRef = 78A70D6B1DDBB9E5003BB2E1 /* ResqViewController.m */; };
		78A70D6F1DDBBBFC003BB2E1 /* SettingsViewController.m in Sources */ = {isa = PBXBuildFile; fileRef = 78A70D6E1DDBBBFC003BB2E1 /* SettingsViewController.m */; };
		78AC28A21DDC8E5400F1AB09 /* GoogleService-Info-1.plist in Resources */ = {isa = PBXBuildFile; fileRef = 78AC28A11DDC8E5400F1AB09 /* GoogleService-Info-1.plist */; };
		78C522C11DE0EC6200A9A46D /* GoogleService-Info.plist in Resources */ = {isa = PBXBuildFile; fileRef = 78C522C01DE0EC6200A9A46D /* GoogleService-Info.plist */; };
		78C522C51DE1167400A9A46D /* FirebaseManager.m in Sources */ = {isa = PBXBuildFile; fileRef = 78C522C41DE1167400A9A46D /* FirebaseManager.m */; };
		78D68ACD1DDE3668000801FF /* SearchResultsViewController.m in Sources */ = {isa = PBXBuildFile; fileRef = 78D68ACC1DDE3668000801FF /* SearchResultsViewController.m */; };
		D9E5A3694AB56C09A0B89B09 /* libPods-Resq.a in Frameworks */ = {isa = PBXBuildFile; fileRef = 6EFA3F4DFF8A6BAD496DD5B4 /* libPods-Resq.a */; };
/* End PBXBuildFile section */

/* Begin PBXContainerItemProxy section */
		785317231DDA3F1F00FC379A /* PBXContainerItemProxy */ = {
			isa = PBXContainerItemProxy;
			containerPortal = 785316FE1DDA3F1E00FC379A /* Project object */;
			proxyType = 1;
			remoteGlobalIDString = 785317051DDA3F1E00FC379A;
			remoteInfo = Resq;
		};
		7853172E1DDA3F1F00FC379A /* PBXContainerItemProxy */ = {
			isa = PBXContainerItemProxy;
			containerPortal = 785316FE1DDA3F1E00FC379A /* Project object */;
			proxyType = 1;
			remoteGlobalIDString = 785317051DDA3F1E00FC379A;
			remoteInfo = Resq;
		};
/* End PBXContainerItemProxy section */

/* Begin PBXFileReference section */
		2086D4CF2F3E7BABBC8EB87D /* Pods-ResqUITests.debug.xcconfig */ = {isa = PBXFileReference; includeInIndex = 1; lastKnownFileType = text.xcconfig; name = "Pods-ResqUITests.debug.xcconfig"; path = "Pods/Target Support Files/Pods-ResqUITests/Pods-ResqUITests.debug.xcconfig"; sourceTree = "<group>"; };
		589765DA3E0CCEE90880D0B8 /* libPods-ResqTests.a */ = {isa = PBXFileReference; explicitFileType = archive.ar; includeInIndex = 0; path = "libPods-ResqTests.a"; sourceTree = BUILT_PRODUCTS_DIR; };
		5FDCD9FA6118E84325556155 /* Pods-Resq.release.xcconfig */ = {isa = PBXFileReference; includeInIndex = 1; lastKnownFileType = text.xcconfig; name = "Pods-Resq.release.xcconfig"; path = "Pods/Target Support Files/Pods-Resq/Pods-Resq.release.xcconfig"; sourceTree = "<group>"; };
		6EFA3F4DFF8A6BAD496DD5B4 /* libPods-Resq.a */ = {isa = PBXFileReference; explicitFileType = archive.ar; includeInIndex = 0; path = "libPods-Resq.a"; sourceTree = BUILT_PRODUCTS_DIR; };
		785317061DDA3F1E00FC379A /* RESQ.app */ = {isa = PBXFileReference; explicitFileType = wrapper.application; includeInIndex = 0; path = RESQ.app; sourceTree = BUILT_PRODUCTS_DIR; };
		7853170A1DDA3F1E00FC379A /* main.m */ = {isa = PBXFileReference; lastKnownFileType = sourcecode.c.objc; path = main.m; sourceTree = "<group>"; };
		7853170C1DDA3F1E00FC379A /* AppDelegate.h */ = {isa = PBXFileReference; lastKnownFileType = sourcecode.c.h; path = AppDelegate.h; sourceTree = "<group>"; };
		7853170D1DDA3F1E00FC379A /* AppDelegate.m */ = {isa = PBXFileReference; lastKnownFileType = sourcecode.c.objc; path = AppDelegate.m; sourceTree = "<group>"; };
		785317131DDA3F1E00FC379A /* Base */ = {isa = PBXFileReference; lastKnownFileType = file.storyboard; name = Base; path = Base.lproj/Main.storyboard; sourceTree = "<group>"; };
		785317161DDA3F1E00FC379A /* Resq.xcdatamodel */ = {isa = PBXFileReference; lastKnownFileType = wrapper.xcdatamodel; path = Resq.xcdatamodel; sourceTree = "<group>"; };
		785317181DDA3F1E00FC379A /* Assets.xcassets */ = {isa = PBXFileReference; lastKnownFileType = folder.assetcatalog; path = Assets.xcassets; sourceTree = "<group>"; };
		7853171B1DDA3F1E00FC379A /* Base */ = {isa = PBXFileReference; lastKnownFileType = file.storyboard; name = Base; path = Base.lproj/LaunchScreen.storyboard; sourceTree = "<group>"; };
		7853171D1DDA3F1E00FC379A /* Info.plist */ = {isa = PBXFileReference; lastKnownFileType = text.plist.xml; path = Info.plist; sourceTree = "<group>"; };
		785317221DDA3F1E00FC379A /* ResqTests.xctest */ = {isa = PBXFileReference; explicitFileType = wrapper.cfbundle; includeInIndex = 0; path = ResqTests.xctest; sourceTree = BUILT_PRODUCTS_DIR; };
		785317261DDA3F1F00FC379A /* ResqTests.m */ = {isa = PBXFileReference; lastKnownFileType = sourcecode.c.objc; path = ResqTests.m; sourceTree = "<group>"; };
		785317281DDA3F1F00FC379A /* Info.plist */ = {isa = PBXFileReference; lastKnownFileType = text.plist.xml; path = Info.plist; sourceTree = "<group>"; };
		7853172D1DDA3F1F00FC379A /* ResqUITests.xctest */ = {isa = PBXFileReference; explicitFileType = wrapper.cfbundle; includeInIndex = 0; path = ResqUITests.xctest; sourceTree = BUILT_PRODUCTS_DIR; };
		785317311DDA3F1F00FC379A /* ResqUITests.m */ = {isa = PBXFileReference; lastKnownFileType = sourcecode.c.objc; path = ResqUITests.m; sourceTree = "<group>"; };
		785317331DDA3F1F00FC379A /* Info.plist */ = {isa = PBXFileReference; lastKnownFileType = text.plist.xml; path = Info.plist; sourceTree = "<group>"; };
		786EEE7E1DDCD26500B6C40F /* Hero.aiff */ = {isa = PBXFileReference; lastKnownFileType = audio.aiff; path = Hero.aiff; sourceTree = "<group>"; };
		786EEE801DDCD2AD00B6C40F /* ResqLocationManager.h */ = {isa = PBXFileReference; fileEncoding = 4; lastKnownFileType = sourcecode.c.h; path = ResqLocationManager.h; sourceTree = "<group>"; };
		786EEE811DDCD2AD00B6C40F /* ResqLocationManager.m */ = {isa = PBXFileReference; fileEncoding = 4; lastKnownFileType = sourcecode.c.objc; path = ResqLocationManager.m; sourceTree = "<group>"; };
		786EEE831DDCD37E00B6C40F /* PrefixHeader.pch */ = {isa = PBXFileReference; lastKnownFileType = sourcecode.c.h; path = PrefixHeader.pch; sourceTree = "<group>"; };
		786EEE841DDCDD0400B6C40F /* PhoneNumberViewController.h */ = {isa = PBXFileReference; fileEncoding = 4; lastKnownFileType = sourcecode.c.h; path = PhoneNumberViewController.h; sourceTree = "<group>"; };
		786EEE851DDCDD0400B6C40F /* PhoneNumberViewController.m */ = {isa = PBXFileReference; fileEncoding = 4; lastKnownFileType = sourcecode.c.objc; path = PhoneNumberViewController.m; sourceTree = "<group>"; };
		786EEE871DDCE05400B6C40F /* CountryTableViewCell.h */ = {isa = PBXFileReference; fileEncoding = 4; lastKnownFileType = sourcecode.c.h; path = CountryTableViewCell.h; sourceTree = "<group>"; };
		786EEE881DDCE05400B6C40F /* CountryTableViewCell.m */ = {isa = PBXFileReference; fileEncoding = 4; lastKnownFileType = sourcecode.c.objc; path = CountryTableViewCell.m; sourceTree = "<group>"; };
		786EEE8A1DDCE34E00B6C40F /* CountryPickerViewController.h */ = {isa = PBXFileReference; fileEncoding = 4; lastKnownFileType = sourcecode.c.h; path = CountryPickerViewController.h; sourceTree = "<group>"; };
		786EEE8B1DDCE34E00B6C40F /* CountryPickerViewController.m */ = {isa = PBXFileReference; fileEncoding = 4; lastKnownFileType = sourcecode.c.objc; path = CountryPickerViewController.m; sourceTree = "<group>"; };
		786EEE8D1DDCE68000B6C40F /* country.json */ = {isa = PBXFileReference; fileEncoding = 4; lastKnownFileType = text.json; path = country.json; sourceTree = "<group>"; };
		7890D7B41DE3B05800C17E78 /* BluetoothViewController.h */ = {isa = PBXFileReference; fileEncoding = 4; lastKnownFileType = sourcecode.c.h; path = BluetoothViewController.h; sourceTree = "<group>"; };
		7890D7B51DE3B05800C17E78 /* BluetoothViewController.m */ = {isa = PBXFileReference; fileEncoding = 4; lastKnownFileType = sourcecode.c.objc; path = BluetoothViewController.m; sourceTree = "<group>"; };
		78A70D641DDBB6BD003BB2E1 /* ActivateViewController.h */ = {isa = PBXFileReference; fileEncoding = 4; lastKnownFileType = sourcecode.c.h; path = ActivateViewController.h; sourceTree = "<group>"; };
		78A70D651DDBB6BD003BB2E1 /* ActivateViewController.m */ = {isa = PBXFileReference; fileEncoding = 4; lastKnownFileType = sourcecode.c.objc; path = ActivateViewController.m; sourceTree = "<group>"; };
		78A70D671DDBB843003BB2E1 /* MenuViewController.h */ = {isa = PBXFileReference; fileEncoding = 4; lastKnownFileType = sourcecode.c.h; path = MenuViewController.h; sourceTree = "<group>"; };
		78A70D681DDBB843003BB2E1 /* MenuViewController.m */ = {isa = PBXFileReference; fileEncoding = 4; lastKnownFileType = sourcecode.c.objc; path = MenuViewController.m; sourceTree = "<group>"; };
		78A70D6A1DDBB9E5003BB2E1 /* ResqViewController.h */ = {isa = PBXFileReference; fileEncoding = 4; lastKnownFileType = sourcecode.c.h; path = ResqViewController.h; sourceTree = "<group>"; };
		78A70D6B1DDBB9E5003BB2E1 /* ResqViewController.m */ = {isa = PBXFileReference; fileEncoding = 4; lastKnownFileType = sourcecode.c.objc; path = ResqViewController.m; sourceTree = "<group>"; };
		78A70D6D1DDBBBFC003BB2E1 /* SettingsViewController.h */ = {isa = PBXFileReference; fileEncoding = 4; lastKnownFileType = sourcecode.c.h; path = SettingsViewController.h; sourceTree = "<group>"; };
		78A70D6E1DDBBBFC003BB2E1 /* SettingsViewController.m */ = {isa = PBXFileReference; fileEncoding = 4; lastKnownFileType = sourcecode.c.objc; path = SettingsViewController.m; sourceTree = "<group>"; };
		78AC28A11DDC8E5400F1AB09 /* GoogleService-Info-1.plist */ = {isa = PBXFileReference; fileEncoding = 4; lastKnownFileType = text.plist.xml; path = "GoogleService-Info-1.plist"; sourceTree = "<group>"; };
		78C522C01DE0EC6200A9A46D /* GoogleService-Info.plist */ = {isa = PBXFileReference; fileEncoding = 4; lastKnownFileType = text.plist.xml; path = "GoogleService-Info.plist"; sourceTree = "<group>"; };
		78C522C21DE106B000A9A46D /* RESQ.entitlements */ = {isa = PBXFileReference; lastKnownFileType = text.plist.entitlements; path = RESQ.entitlements; sourceTree = "<group>"; };
		78C522C31DE1167400A9A46D /* FirebaseManager.h */ = {isa = PBXFileReference; fileEncoding = 4; lastKnownFileType = sourcecode.c.h; path = FirebaseManager.h; sourceTree = "<group>"; };
		78C522C41DE1167400A9A46D /* FirebaseManager.m */ = {isa = PBXFileReference; fileEncoding = 4; lastKnownFileType = sourcecode.c.objc; path = FirebaseManager.m; sourceTree = "<group>"; };
		78D68ACB1DDE3668000801FF /* SearchResultsViewController.h */ = {isa = PBXFileReference; fileEncoding = 4; lastKnownFileType = sourcecode.c.h; path = SearchResultsViewController.h; sourceTree = "<group>"; };
		78D68ACC1DDE3668000801FF /* SearchResultsViewController.m */ = {isa = PBXFileReference; fileEncoding = 4; lastKnownFileType = sourcecode.c.objc; path = SearchResultsViewController.m; sourceTree = "<group>"; };
		7A00E41842F35AE579CDB56F /* Pods-Resq.debug.xcconfig */ = {isa = PBXFileReference; includeInIndex = 1; lastKnownFileType = text.xcconfig; name = "Pods-Resq.debug.xcconfig"; path = "Pods/Target Support Files/Pods-Resq/Pods-Resq.debug.xcconfig"; sourceTree = "<group>"; };
		7DB187CCDE2C58870439643C /* Pods-ResqUITests.release.xcconfig */ = {isa = PBXFileReference; includeInIndex = 1; lastKnownFileType = text.xcconfig; name = "Pods-ResqUITests.release.xcconfig"; path = "Pods/Target Support Files/Pods-ResqUITests/Pods-ResqUITests.release.xcconfig"; sourceTree = "<group>"; };
		A40D93B5B9577166790A9AD4 /* Pods-ResqTests.release.xcconfig */ = {isa = PBXFileReference; includeInIndex = 1; lastKnownFileType = text.xcconfig; name = "Pods-ResqTests.release.xcconfig"; path = "Pods/Target Support Files/Pods-ResqTests/Pods-ResqTests.release.xcconfig"; sourceTree = "<group>"; };
		A956C45DB19A854711506DB2 /* libPods-ResqUITests.a */ = {isa = PBXFileReference; explicitFileType = archive.ar; includeInIndex = 0; path = "libPods-ResqUITests.a"; sourceTree = BUILT_PRODUCTS_DIR; };
		D676FAA2C94A7BE7F4C994DC /* Pods-ResqTests.debug.xcconfig */ = {isa = PBXFileReference; includeInIndex = 1; lastKnownFileType = text.xcconfig; name = "Pods-ResqTests.debug.xcconfig"; path = "Pods/Target Support Files/Pods-ResqTests/Pods-ResqTests.debug.xcconfig"; sourceTree = "<group>"; };
/* End PBXFileReference section */

/* Begin PBXFrameworksBuildPhase section */
		785317031DDA3F1E00FC379A /* Frameworks */ = {
			isa = PBXFrameworksBuildPhase;
			buildActionMask = 2147483647;
			files = (
				D9E5A3694AB56C09A0B89B09 /* libPods-Resq.a in Frameworks */,
			);
			runOnlyForDeploymentPostprocessing = 0;
		};
		7853171F1DDA3F1E00FC379A /* Frameworks */ = {
			isa = PBXFrameworksBuildPhase;
			buildActionMask = 2147483647;
			files = (
				6450958A084E006C72E2423A /* libPods-ResqTests.a in Frameworks */,
			);
			runOnlyForDeploymentPostprocessing = 0;
		};
		7853172A1DDA3F1F00FC379A /* Frameworks */ = {
			isa = PBXFrameworksBuildPhase;
			buildActionMask = 2147483647;
			files = (
				0FF0D2B03AEAB4DF39EAFD22 /* libPods-ResqUITests.a in Frameworks */,
			);
			runOnlyForDeploymentPostprocessing = 0;
		};
/* End PBXFrameworksBuildPhase section */

/* Begin PBXGroup section */
		785316FD1DDA3F1E00FC379A = {
			isa = PBXGroup;
			children = (
				785317081DDA3F1E00FC379A /* Resq */,
				785317251DDA3F1F00FC379A /* ResqTests */,
				785317301DDA3F1F00FC379A /* ResqUITests */,
				785317071DDA3F1E00FC379A /* Products */,
				BACD65216307F208D3DBDC1A /* Pods */,
				CA0F6C8CD6EE61EBD07137E6 /* Frameworks */,
			);
			sourceTree = "<group>";
		};
		785317071DDA3F1E00FC379A /* Products */ = {
			isa = PBXGroup;
			children = (
				785317061DDA3F1E00FC379A /* RESQ.app */,
				785317221DDA3F1E00FC379A /* ResqTests.xctest */,
				7853172D1DDA3F1F00FC379A /* ResqUITests.xctest */,
			);
			name = Products;
			sourceTree = "<group>";
		};
		785317081DDA3F1E00FC379A /* Resq */ = {
			isa = PBXGroup;
			children = (
				78C522C21DE106B000A9A46D /* RESQ.entitlements */,
				7853170C1DDA3F1E00FC379A /* AppDelegate.h */,
				7853170D1DDA3F1E00FC379A /* AppDelegate.m */,
				F272F9531DDDE68700D4A672 /* Common */,
				F272F9521DDDE67600D4A672 /* CustomCells */,
				F272F9511DDDE63000D4A672 /* ViewControllers */,
				785317121DDA3F1E00FC379A /* Main.storyboard */,
				7853171A1DDA3F1E00FC379A /* LaunchScreen.storyboard */,
				785317181DDA3F1E00FC379A /* Assets.xcassets */,
				78D68ACE1DDE446A000801FF /* Resources */,
				785317091DDA3F1E00FC379A /* Supporting Files */,
			);
			path = Resq;
			sourceTree = "<group>";
		};
		785317091DDA3F1E00FC379A /* Supporting Files */ = {
			isa = PBXGroup;
			children = (
				78C522C01DE0EC6200A9A46D /* GoogleService-Info.plist */,
				7853171D1DDA3F1E00FC379A /* Info.plist */,
				78AC28A11DDC8E5400F1AB09 /* GoogleService-Info-1.plist */,
				785317151DDA3F1E00FC379A /* Resq.xcdatamodeld */,
				786EEE831DDCD37E00B6C40F /* PrefixHeader.pch */,
				7853170A1DDA3F1E00FC379A /* main.m */,
			);
			name = "Supporting Files";
			sourceTree = "<group>";
		};
		785317251DDA3F1F00FC379A /* ResqTests */ = {
			isa = PBXGroup;
			children = (
				785317261DDA3F1F00FC379A /* ResqTests.m */,
				785317281DDA3F1F00FC379A /* Info.plist */,
			);
			path = ResqTests;
			sourceTree = "<group>";
		};
		785317301DDA3F1F00FC379A /* ResqUITests */ = {
			isa = PBXGroup;
			children = (
				785317311DDA3F1F00FC379A /* ResqUITests.m */,
				785317331DDA3F1F00FC379A /* Info.plist */,
			);
			path = ResqUITests;
			sourceTree = "<group>";
		};
		78D68ACE1DDE446A000801FF /* Resources */ = {
			isa = PBXGroup;
			children = (
				786EEE8D1DDCE68000B6C40F /* country.json */,
				786EEE7E1DDCD26500B6C40F /* Hero.aiff */,
			);
			name = Resources;
			sourceTree = "<group>";
		};
		BACD65216307F208D3DBDC1A /* Pods */ = {
			isa = PBXGroup;
			children = (
				7A00E41842F35AE579CDB56F /* Pods-Resq.debug.xcconfig */,
				5FDCD9FA6118E84325556155 /* Pods-Resq.release.xcconfig */,
				D676FAA2C94A7BE7F4C994DC /* Pods-ResqTests.debug.xcconfig */,
				A40D93B5B9577166790A9AD4 /* Pods-ResqTests.release.xcconfig */,
				2086D4CF2F3E7BABBC8EB87D /* Pods-ResqUITests.debug.xcconfig */,
				7DB187CCDE2C58870439643C /* Pods-ResqUITests.release.xcconfig */,
			);
			name = Pods;
			sourceTree = "<group>";
		};
		CA0F6C8CD6EE61EBD07137E6 /* Frameworks */ = {
			isa = PBXGroup;
			children = (
				6EFA3F4DFF8A6BAD496DD5B4 /* libPods-Resq.a */,
				589765DA3E0CCEE90880D0B8 /* libPods-ResqTests.a */,
				A956C45DB19A854711506DB2 /* libPods-ResqUITests.a */,
			);
			name = Frameworks;
			sourceTree = "<group>";
		};
		F272F9511DDDE63000D4A672 /* ViewControllers */ = {
			isa = PBXGroup;
			children = (
				78A70D6D1DDBBBFC003BB2E1 /* SettingsViewController.h */,
				78A70D6E1DDBBBFC003BB2E1 /* SettingsViewController.m */,
				78A70D641DDBB6BD003BB2E1 /* ActivateViewController.h */,
				78A70D651DDBB6BD003BB2E1 /* ActivateViewController.m */,
				78A70D671DDBB843003BB2E1 /* MenuViewController.h */,
				78A70D681DDBB843003BB2E1 /* MenuViewController.m */,
				78A70D6A1DDBB9E5003BB2E1 /* ResqViewController.h */,
				78A70D6B1DDBB9E5003BB2E1 /* ResqViewController.m */,
				786EEE841DDCDD0400B6C40F /* PhoneNumberViewController.h */,
				786EEE851DDCDD0400B6C40F /* PhoneNumberViewController.m */,
				786EEE8A1DDCE34E00B6C40F /* CountryPickerViewController.h */,
				786EEE8B1DDCE34E00B6C40F /* CountryPickerViewController.m */,
				78D68ACB1DDE3668000801FF /* SearchResultsViewController.h */,
				78D68ACC1DDE3668000801FF /* SearchResultsViewController.m */,
				7890D7B41DE3B05800C17E78 /* BluetoothViewController.h */,
				7890D7B51DE3B05800C17E78 /* BluetoothViewController.m */,
			);
			name = ViewControllers;
			sourceTree = "<group>";
		};
		F272F9521DDDE67600D4A672 /* CustomCells */ = {
			isa = PBXGroup;
			children = (
				786EEE871DDCE05400B6C40F /* CountryTableViewCell.h */,
				786EEE881DDCE05400B6C40F /* CountryTableViewCell.m */,
			);
			name = CustomCells;
			sourceTree = "<group>";
		};
		F272F9531DDDE68700D4A672 /* Common */ = {
			isa = PBXGroup;
			children = (
				786EEE801DDCD2AD00B6C40F /* ResqLocationManager.h */,
				786EEE811DDCD2AD00B6C40F /* ResqLocationManager.m */,
				78C522C31DE1167400A9A46D /* FirebaseManager.h */,
				78C522C41DE1167400A9A46D /* FirebaseManager.m */,
			);
			name = Common;
			sourceTree = "<group>";
		};
/* End PBXGroup section */

/* Begin PBXNativeTarget section */
		785317051DDA3F1E00FC379A /* Resq */ = {
			isa = PBXNativeTarget;
			buildConfigurationList = 785317361DDA3F1F00FC379A /* Build configuration list for PBXNativeTarget "Resq" */;
			buildPhases = (
				82CC584E25722FD21178D010 /* [CP] Check Pods Manifest.lock */,
				785317021DDA3F1E00FC379A /* Sources */,
				785317031DDA3F1E00FC379A /* Frameworks */,
				785317041DDA3F1E00FC379A /* Resources */,
				650FF61B881BE2013C906F80 /* [CP] Embed Pods Frameworks */,
				17A4351215C3398E89C43DCF /* [CP] Copy Pods Resources */,
			);
			buildRules = (
			);
			dependencies = (
			);
			name = Resq;
			productName = Resq;
			productReference = 785317061DDA3F1E00FC379A /* RESQ.app */;
			productType = "com.apple.product-type.application";
		};
		785317211DDA3F1E00FC379A /* ResqTests */ = {
			isa = PBXNativeTarget;
			buildConfigurationList = 785317391DDA3F1F00FC379A /* Build configuration list for PBXNativeTarget "ResqTests" */;
			buildPhases = (
				F12156D3D823CC5D4F38898D /* [CP] Check Pods Manifest.lock */,
				7853171E1DDA3F1E00FC379A /* Sources */,
				7853171F1DDA3F1E00FC379A /* Frameworks */,
				785317201DDA3F1E00FC379A /* Resources */,
				4F67E7AD5DEF2E3FA67786D0 /* [CP] Embed Pods Frameworks */,
				7A01948906E440243746C430 /* [CP] Copy Pods Resources */,
			);
			buildRules = (
			);
			dependencies = (
				785317241DDA3F1F00FC379A /* PBXTargetDependency */,
			);
			name = ResqTests;
			productName = ResqTests;
			productReference = 785317221DDA3F1E00FC379A /* ResqTests.xctest */;
			productType = "com.apple.product-type.bundle.unit-test";
		};
		7853172C1DDA3F1F00FC379A /* ResqUITests */ = {
			isa = PBXNativeTarget;
			buildConfigurationList = 7853173C1DDA3F1F00FC379A /* Build configuration list for PBXNativeTarget "ResqUITests" */;
			buildPhases = (
				56A5C3227BF9DAD86998C013 /* [CP] Check Pods Manifest.lock */,
				785317291DDA3F1F00FC379A /* Sources */,
				7853172A1DDA3F1F00FC379A /* Frameworks */,
				7853172B1DDA3F1F00FC379A /* Resources */,
				3242649F1E15D674D01911C9 /* [CP] Copy Pods Resources */,
			);
			buildRules = (
			);
			dependencies = (
				7853172F1DDA3F1F00FC379A /* PBXTargetDependency */,
			);
			name = ResqUITests;
			productName = ResqUITests;
			productReference = 7853172D1DDA3F1F00FC379A /* ResqUITests.xctest */;
			productType = "com.apple.product-type.bundle.ui-testing";
		};
/* End PBXNativeTarget section */

/* Begin PBXProject section */
		785316FE1DDA3F1E00FC379A /* Project object */ = {
			isa = PBXProject;
			attributes = {
				LastUpgradeCheck = 0800;
				ORGANIZATIONNAME = Eden;
				TargetAttributes = {
					785317051DDA3F1E00FC379A = {
						CreatedOnToolsVersion = 7.3;
						DevelopmentTeam = MBT5FS6977;
						ProvisioningStyle = Manual;
						SystemCapabilities = {
							com.apple.BackgroundModes = {
								enabled = 1;
							};
							com.apple.Push = {
								enabled = 1;
							};
						};
					};
					785317211DDA3F1E00FC379A = {
						CreatedOnToolsVersion = 7.3;
						TestTargetID = 785317051DDA3F1E00FC379A;
					};
					7853172C1DDA3F1F00FC379A = {
						CreatedOnToolsVersion = 7.3;
						TestTargetID = 785317051DDA3F1E00FC379A;
					};
				};
			};
			buildConfigurationList = 785317011DDA3F1E00FC379A /* Build configuration list for PBXProject "Resq" */;
			compatibilityVersion = "Xcode 3.2";
			developmentRegion = English;
			hasScannedForEncodings = 0;
			knownRegions = (
				en,
				Base,
			);
			mainGroup = 785316FD1DDA3F1E00FC379A;
			productRefGroup = 785317071DDA3F1E00FC379A /* Products */;
			projectDirPath = "";
			projectRoot = "";
			targets = (
				785317051DDA3F1E00FC379A /* Resq */,
				785317211DDA3F1E00FC379A /* ResqTests */,
				7853172C1DDA3F1F00FC379A /* ResqUITests */,
			);
		};
/* End PBXProject section */

/* Begin PBXResourcesBuildPhase section */
		785317041DDA3F1E00FC379A /* Resources */ = {
			isa = PBXResourcesBuildPhase;
			buildActionMask = 2147483647;
			files = (
				7853171C1DDA3F1E00FC379A /* LaunchScreen.storyboard in Resources */,
				78AC28A21DDC8E5400F1AB09 /* GoogleService-Info-1.plist in Resources */,
				786EEE8E1DDCE68000B6C40F /* country.json in Resources */,
				785317191DDA3F1E00FC379A /* Assets.xcassets in Resources */,
				785317141DDA3F1E00FC379A /* Main.storyboard in Resources */,
				786EEE7F1DDCD26500B6C40F /* Hero.aiff in Resources */,
				78C522C11DE0EC6200A9A46D /* GoogleService-Info.plist in Resources */,
			);
			runOnlyForDeploymentPostprocessing = 0;
		};
		785317201DDA3F1E00FC379A /* Resources */ = {
			isa = PBXResourcesBuildPhase;
			buildActionMask = 2147483647;
			files = (
			);
			runOnlyForDeploymentPostprocessing = 0;
		};
		7853172B1DDA3F1F00FC379A /* Resources */ = {
			isa = PBXResourcesBuildPhase;
			buildActionMask = 2147483647;
			files = (
			);
			runOnlyForDeploymentPostprocessing = 0;
		};
/* End PBXResourcesBuildPhase section */

/* Begin PBXShellScriptBuildPhase section */
		17A4351215C3398E89C43DCF /* [CP] Copy Pods Resources */ = {
			isa = PBXShellScriptBuildPhase;
			buildActionMask = 2147483647;
			files = (
			);
			inputPaths = (
			);
			name = "[CP] Copy Pods Resources";
			outputPaths = (
			);
			runOnlyForDeploymentPostprocessing = 0;
			shellPath = /bin/sh;
			shellScript = "\"${SRCROOT}/Pods/Target Support Files/Pods-Resq/Pods-Resq-resources.sh\"\n";
			showEnvVarsInLog = 0;
		};
		3242649F1E15D674D01911C9 /* [CP] Copy Pods Resources */ = {
			isa = PBXShellScriptBuildPhase;
			buildActionMask = 2147483647;
			files = (
			);
			inputPaths = (
			);
			name = "[CP] Copy Pods Resources";
			outputPaths = (
			);
			runOnlyForDeploymentPostprocessing = 0;
			shellPath = /bin/sh;
			shellScript = "\"${SRCROOT}/Pods/Target Support Files/Pods-ResqUITests/Pods-ResqUITests-resources.sh\"\n";
			showEnvVarsInLog = 0;
		};
		4F67E7AD5DEF2E3FA67786D0 /* [CP] Embed Pods Frameworks */ = {
			isa = PBXShellScriptBuildPhase;
			buildActionMask = 2147483647;
			files = (
			);
			inputPaths = (
			);
			name = "[CP] Embed Pods Frameworks";
			outputPaths = (
			);
			runOnlyForDeploymentPostprocessing = 0;
			shellPath = /bin/sh;
			shellScript = "\"${SRCROOT}/Pods/Target Support Files/Pods-ResqTests/Pods-ResqTests-frameworks.sh\"\n";
			showEnvVarsInLog = 0;
		};
		56A5C3227BF9DAD86998C013 /* [CP] Check Pods Manifest.lock */ = {
			isa = PBXShellScriptBuildPhase;
			buildActionMask = 2147483647;
			files = (
			);
			inputPaths = (
			);
			name = "[CP] Check Pods Manifest.lock";
			outputPaths = (
			);
			runOnlyForDeploymentPostprocessing = 0;
			shellPath = /bin/sh;
			shellScript = "diff \"${PODS_ROOT}/../Podfile.lock\" \"${PODS_ROOT}/Manifest.lock\" > /dev/null\nif [[ $? != 0 ]] ; then\n    cat << EOM\nerror: The sandbox is not in sync with the Podfile.lock. Run 'pod install' or update your CocoaPods installation.\nEOM\n    exit 1\nfi\n";
			showEnvVarsInLog = 0;
		};
		650FF61B881BE2013C906F80 /* [CP] Embed Pods Frameworks */ = {
			isa = PBXShellScriptBuildPhase;
			buildActionMask = 2147483647;
			files = (
			);
			inputPaths = (
			);
			name = "[CP] Embed Pods Frameworks";
			outputPaths = (
			);
			runOnlyForDeploymentPostprocessing = 0;
			shellPath = /bin/sh;
			shellScript = "\"${SRCROOT}/Pods/Target Support Files/Pods-Resq/Pods-Resq-frameworks.sh\"\n";
			showEnvVarsInLog = 0;
		};
		7A01948906E440243746C430 /* [CP] Copy Pods Resources */ = {
			isa = PBXShellScriptBuildPhase;
			buildActionMask = 2147483647;
			files = (
			);
			inputPaths = (
			);
			name = "[CP] Copy Pods Resources";
			outputPaths = (
			);
			runOnlyForDeploymentPostprocessing = 0;
			shellPath = /bin/sh;
			shellScript = "\"${SRCROOT}/Pods/Target Support Files/Pods-ResqTests/Pods-ResqTests-resources.sh\"\n";
			showEnvVarsInLog = 0;
		};
		82CC584E25722FD21178D010 /* [CP] Check Pods Manifest.lock */ = {
			isa = PBXShellScriptBuildPhase;
			buildActionMask = 2147483647;
			files = (
			);
			inputPaths = (
			);
			name = "[CP] Check Pods Manifest.lock";
			outputPaths = (
			);
			runOnlyForDeploymentPostprocessing = 0;
			shellPath = /bin/sh;
			shellScript = "diff \"${PODS_ROOT}/../Podfile.lock\" \"${PODS_ROOT}/Manifest.lock\" > /dev/null\nif [[ $? != 0 ]] ; then\n    cat << EOM\nerror: The sandbox is not in sync with the Podfile.lock. Run 'pod install' or update your CocoaPods installation.\nEOM\n    exit 1\nfi\n";
			showEnvVarsInLog = 0;
		};
		F12156D3D823CC5D4F38898D /* [CP] Check Pods Manifest.lock */ = {
			isa = PBXShellScriptBuildPhase;
			buildActionMask = 2147483647;
			files = (
			);
			inputPaths = (
			);
			name = "[CP] Check Pods Manifest.lock";
			outputPaths = (
			);
			runOnlyForDeploymentPostprocessing = 0;
			shellPath = /bin/sh;
			shellScript = "diff \"${PODS_ROOT}/../Podfile.lock\" \"${PODS_ROOT}/Manifest.lock\" > /dev/null\nif [[ $? != 0 ]] ; then\n    cat << EOM\nerror: The sandbox is not in sync with the Podfile.lock. Run 'pod install' or update your CocoaPods installation.\nEOM\n    exit 1\nfi\n";
			showEnvVarsInLog = 0;
		};
/* End PBXShellScriptBuildPhase section */

/* Begin PBXSourcesBuildPhase section */
		785317021DDA3F1E00FC379A /* Sources */ = {
			isa = PBXSourcesBuildPhase;
			buildActionMask = 2147483647;
			files = (
				785317171DDA3F1E00FC379A /* Resq.xcdatamodeld in Sources */,
				78A70D6C1DDBB9E5003BB2E1 /* ResqViewController.m in Sources */,
				78A70D691DDBB843003BB2E1 /* MenuViewController.m in Sources */,
				78C522C51DE1167400A9A46D /* FirebaseManager.m in Sources */,
				78D68ACD1DDE3668000801FF /* SearchResultsViewController.m in Sources */,
				78A70D6F1DDBBBFC003BB2E1 /* SettingsViewController.m in Sources */,
				786EEE891DDCE05400B6C40F /* CountryTableViewCell.m in Sources */,
				78A70D661DDBB6BD003BB2E1 /* ActivateViewController.m in Sources */,
				7853170E1DDA3F1E00FC379A /* AppDelegate.m in Sources */,
				7890D7B61DE3B05800C17E78 /* BluetoothViewController.m in Sources */,
				786EEE861DDCDD0400B6C40F /* PhoneNumberViewController.m in Sources */,
				786EEE8C1DDCE34E00B6C40F /* CountryPickerViewController.m in Sources */,
				7853170B1DDA3F1E00FC379A /* main.m in Sources */,
				786EEE821DDCD2AD00B6C40F /* ResqLocationManager.m in Sources */,
			);
			runOnlyForDeploymentPostprocessing = 0;
		};
		7853171E1DDA3F1E00FC379A /* Sources */ = {
			isa = PBXSourcesBuildPhase;
			buildActionMask = 2147483647;
			files = (
				785317271DDA3F1F00FC379A /* ResqTests.m in Sources */,
			);
			runOnlyForDeploymentPostprocessing = 0;
		};
		785317291DDA3F1F00FC379A /* Sources */ = {
			isa = PBXSourcesBuildPhase;
			buildActionMask = 2147483647;
			files = (
				785317321DDA3F1F00FC379A /* ResqUITests.m in Sources */,
			);
			runOnlyForDeploymentPostprocessing = 0;
		};
/* End PBXSourcesBuildPhase section */

/* Begin PBXTargetDependency section */
		785317241DDA3F1F00FC379A /* PBXTargetDependency */ = {
			isa = PBXTargetDependency;
			target = 785317051DDA3F1E00FC379A /* Resq */;
			targetProxy = 785317231DDA3F1F00FC379A /* PBXContainerItemProxy */;
		};
		7853172F1DDA3F1F00FC379A /* PBXTargetDependency */ = {
			isa = PBXTargetDependency;
			target = 785317051DDA3F1E00FC379A /* Resq */;
			targetProxy = 7853172E1DDA3F1F00FC379A /* PBXContainerItemProxy */;
		};
/* End PBXTargetDependency section */

/* Begin PBXVariantGroup section */
		785317121DDA3F1E00FC379A /* Main.storyboard */ = {
			isa = PBXVariantGroup;
			children = (
				785317131DDA3F1E00FC379A /* Base */,
			);
			name = Main.storyboard;
			sourceTree = "<group>";
		};
		7853171A1DDA3F1E00FC379A /* LaunchScreen.storyboard */ = {
			isa = PBXVariantGroup;
			children = (
				7853171B1DDA3F1E00FC379A /* Base */,
			);
			name = LaunchScreen.storyboard;
			sourceTree = "<group>";
		};
/* End PBXVariantGroup section */

/* Begin XCBuildConfiguration section */
		785317341DDA3F1F00FC379A /* Debug */ = {
			isa = XCBuildConfiguration;
			buildSettings = {
				ALWAYS_SEARCH_USER_PATHS = NO;
				CLANG_ANALYZER_NONNULL = YES;
				CLANG_CXX_LANGUAGE_STANDARD = "gnu++0x";
				CLANG_CXX_LIBRARY = "libc++";
				CLANG_ENABLE_MODULES = YES;
				CLANG_ENABLE_OBJC_ARC = YES;
				CLANG_WARN_BOOL_CONVERSION = YES;
				CLANG_WARN_CONSTANT_CONVERSION = YES;
				CLANG_WARN_DIRECT_OBJC_ISA_USAGE = YES_ERROR;
				CLANG_WARN_EMPTY_BODY = YES;
				CLANG_WARN_ENUM_CONVERSION = YES;
				CLANG_WARN_INFINITE_RECURSION = YES;
				CLANG_WARN_INT_CONVERSION = YES;
				CLANG_WARN_OBJC_ROOT_CLASS = YES_ERROR;
				CLANG_WARN_SUSPICIOUS_MOVE = YES;
				CLANG_WARN_UNREACHABLE_CODE = YES;
				CLANG_WARN__DUPLICATE_METHOD_MATCH = YES;
				"CODE_SIGN_IDENTITY[sdk=iphoneos*]" = "iPhone Developer";
				COPY_PHASE_STRIP = NO;
				DEBUG_INFORMATION_FORMAT = dwarf;
				ENABLE_STRICT_OBJC_MSGSEND = YES;
				ENABLE_TESTABILITY = YES;
				GCC_C_LANGUAGE_STANDARD = gnu99;
				GCC_DYNAMIC_NO_PIC = NO;
				GCC_NO_COMMON_BLOCKS = YES;
				GCC_OPTIMIZATION_LEVEL = 0;
				GCC_PREPROCESSOR_DEFINITIONS = (
					"DEBUG=1",
					"$(inherited)",
				);
				GCC_WARN_64_TO_32_BIT_CONVERSION = YES;
				GCC_WARN_ABOUT_RETURN_TYPE = YES_ERROR;
				GCC_WARN_UNDECLARED_SELECTOR = YES;
				GCC_WARN_UNINITIALIZED_AUTOS = YES_AGGRESSIVE;
				GCC_WARN_UNUSED_FUNCTION = YES;
				GCC_WARN_UNUSED_VARIABLE = YES;
				IPHONEOS_DEPLOYMENT_TARGET = 9.3;
				MTL_ENABLE_DEBUG_INFO = YES;
				ONLY_ACTIVE_ARCH = YES;
				SDKROOT = iphoneos;
				TARGETED_DEVICE_FAMILY = "1,2";
			};
			name = Debug;
		};
		785317351DDA3F1F00FC379A /* Release */ = {
			isa = XCBuildConfiguration;
			buildSettings = {
				ALWAYS_SEARCH_USER_PATHS = NO;
				CLANG_ANALYZER_NONNULL = YES;
				CLANG_CXX_LANGUAGE_STANDARD = "gnu++0x";
				CLANG_CXX_LIBRARY = "libc++";
				CLANG_ENABLE_MODULES = YES;
				CLANG_ENABLE_OBJC_ARC = YES;
				CLANG_WARN_BOOL_CONVERSION = YES;
				CLANG_WARN_CONSTANT_CONVERSION = YES;
				CLANG_WARN_DIRECT_OBJC_ISA_USAGE = YES_ERROR;
				CLANG_WARN_EMPTY_BODY = YES;
				CLANG_WARN_ENUM_CONVERSION = YES;
				CLANG_WARN_INFINITE_RECURSION = YES;
				CLANG_WARN_INT_CONVERSION = YES;
				CLANG_WARN_OBJC_ROOT_CLASS = YES_ERROR;
				CLANG_WARN_SUSPICIOUS_MOVE = YES;
				CLANG_WARN_UNREACHABLE_CODE = YES;
				CLANG_WARN__DUPLICATE_METHOD_MATCH = YES;
				"CODE_SIGN_IDENTITY[sdk=iphoneos*]" = "iPhone Developer";
				COPY_PHASE_STRIP = NO;
				DEBUG_INFORMATION_FORMAT = "dwarf-with-dsym";
				ENABLE_NS_ASSERTIONS = NO;
				ENABLE_STRICT_OBJC_MSGSEND = YES;
				GCC_C_LANGUAGE_STANDARD = gnu99;
				GCC_NO_COMMON_BLOCKS = YES;
				GCC_WARN_64_TO_32_BIT_CONVERSION = YES;
				GCC_WARN_ABOUT_RETURN_TYPE = YES_ERROR;
				GCC_WARN_UNDECLARED_SELECTOR = YES;
				GCC_WARN_UNINITIALIZED_AUTOS = YES_AGGRESSIVE;
				GCC_WARN_UNUSED_FUNCTION = YES;
				GCC_WARN_UNUSED_VARIABLE = YES;
				IPHONEOS_DEPLOYMENT_TARGET = 9.3;
				MTL_ENABLE_DEBUG_INFO = NO;
				SDKROOT = iphoneos;
				TARGETED_DEVICE_FAMILY = "1,2";
				VALIDATE_PRODUCT = YES;
			};
			name = Release;
		};
		785317371DDA3F1F00FC379A /* Debug */ = {
			isa = XCBuildConfiguration;
			baseConfigurationReference = 7A00E41842F35AE579CDB56F /* Pods-Resq.debug.xcconfig */;
			buildSettings = {
				ASSETCATALOG_COMPILER_APPICON_NAME = AppIcon;
				CODE_SIGN_IDENTITY = "iPhone Developer: Muhammad Ahsan (V32767GP8L)";
				DEVELOPMENT_TEAM = MBT5FS6977;
				GCC_PREFIX_HEADER = Resq/PrefixHeader.pch;
				INFOPLIST_FILE = Resq/Info.plist;
				IPHONEOS_DEPLOYMENT_TARGET = 8.0;
				LD_RUNPATH_SEARCH_PATHS = "$(inherited) @executable_path/Frameworks";
				PRODUCT_BUNDLE_IDENTIFIER = com.eden.resqtest;
				PRODUCT_NAME = RESQ;
				PROVISIONING_PROFILE = "28bed251-aa1a-4e5c-9a90-394e136a3526";
				PROVISIONING_PROFILE_SPECIFIER = "Resq Dev";
			};
			name = Debug;
		};
		785317381DDA3F1F00FC379A /* Release */ = {
			isa = XCBuildConfiguration;
			baseConfigurationReference = 5FDCD9FA6118E84325556155 /* Pods-Resq.release.xcconfig */;
			buildSettings = {
				ASSETCATALOG_COMPILER_APPICON_NAME = AppIcon;
				CODE_SIGN_IDENTITY = "iPhone Developer: Muhammad Ahsan (V32767GP8L)";
				DEVELOPMENT_TEAM = MBT5FS6977;
				GCC_PREFIX_HEADER = Resq/PrefixHeader.pch;
				INFOPLIST_FILE = Resq/Info.plist;
				IPHONEOS_DEPLOYMENT_TARGET = 8.0;
				LD_RUNPATH_SEARCH_PATHS = "$(inherited) @executable_path/Frameworks";
				PRODUCT_BUNDLE_IDENTIFIER = com.eden.resqtest;
				PRODUCT_NAME = RESQ;
				PROVISIONING_PROFILE = "28bed251-aa1a-4e5c-9a90-394e136a3526";
				PROVISIONING_PROFILE_SPECIFIER = "Resq Dev";
			};
			name = Release;
		};
		7853173A1DDA3F1F00FC379A /* Debug */ = {
			isa = XCBuildConfiguration;
			baseConfigurationReference = D676FAA2C94A7BE7F4C994DC /* Pods-ResqTests.debug.xcconfig */;
			buildSettings = {
				BUNDLE_LOADER = "$(TEST_HOST)";
				INFOPLIST_FILE = ResqTests/Info.plist;
				LD_RUNPATH_SEARCH_PATHS = "$(inherited) @executable_path/Frameworks @loader_path/Frameworks";
				PRODUCT_BUNDLE_IDENTIFIER = com.Eden.ResqTests;
				PRODUCT_NAME = "$(TARGET_NAME)";
				TEST_HOST = "$(BUILT_PRODUCTS_DIR)/Resq.app/Resq";
			};
			name = Debug;
		};
		7853173B1DDA3F1F00FC379A /* Release */ = {
			isa = XCBuildConfiguration;
			baseConfigurationReference = A40D93B5B9577166790A9AD4 /* Pods-ResqTests.release.xcconfig */;
			buildSettings = {
				BUNDLE_LOADER = "$(TEST_HOST)";
				INFOPLIST_FILE = ResqTests/Info.plist;
				LD_RUNPATH_SEARCH_PATHS = "$(inherited) @executable_path/Frameworks @loader_path/Frameworks";
				PRODUCT_BUNDLE_IDENTIFIER = com.Eden.ResqTests;
				PRODUCT_NAME = "$(TARGET_NAME)";
				TEST_HOST = "$(BUILT_PRODUCTS_DIR)/Resq.app/Resq";
			};
			name = Release;
		};
		7853173D1DDA3F1F00FC379A /* Debug */ = {
			isa = XCBuildConfiguration;
			baseConfigurationReference = 2086D4CF2F3E7BABBC8EB87D /* Pods-ResqUITests.debug.xcconfig */;
			buildSettings = {
				INFOPLIST_FILE = ResqUITests/Info.plist;
				LD_RUNPATH_SEARCH_PATHS = "$(inherited) @executable_path/Frameworks @loader_path/Frameworks";
				PRODUCT_BUNDLE_IDENTIFIER = com.Eden.ResqUITests;
				PRODUCT_NAME = "$(TARGET_NAME)";
				TEST_TARGET_NAME = Resq;
			};
			name = Debug;
		};
		7853173E1DDA3F1F00FC379A /* Release */ = {
			isa = XCBuildConfiguration;
			baseConfigurationReference = 7DB187CCDE2C58870439643C /* Pods-ResqUITests.release.xcconfig */;
			buildSettings = {
				INFOPLIST_FILE = ResqUITests/Info.plist;
				LD_RUNPATH_SEARCH_PATHS = "$(inherited) @executable_path/Frameworks @loader_path/Frameworks";
				PRODUCT_BUNDLE_IDENTIFIER = com.Eden.ResqUITests;
				PRODUCT_NAME = "$(TARGET_NAME)";
				TEST_TARGET_NAME = Resq;
			};
			name = Release;
		};
/* End XCBuildConfiguration section */

/* Begin XCConfigurationList section */
		785317011DDA3F1E00FC379A /* Build configuration list for PBXProject "Resq" */ = {
			isa = XCConfigurationList;
			buildConfigurations = (
				785317341DDA3F1F00FC379A /* Debug */,
				785317351DDA3F1F00FC379A /* Release */,
			);
			defaultConfigurationIsVisible = 0;
			defaultConfigurationName = Release;
		};
		785317361DDA3F1F00FC379A /* Build configuration list for PBXNativeTarget "Resq" */ = {
			isa = XCConfigurationList;
			buildConfigurations = (
				785317371DDA3F1F00FC379A /* Debug */,
				785317381DDA3F1F00FC379A /* Release */,
			);
			defaultConfigurationIsVisible = 0;
			defaultConfigurationName = Release;
		};
		785317391DDA3F1F00FC379A /* Build configuration list for PBXNativeTarget "ResqTests" */ = {
			isa = XCConfigurationList;
			buildConfigurations = (
				7853173A1DDA3F1F00FC379A /* Debug */,
				7853173B1DDA3F1F00FC379A /* Release */,
			);
			defaultConfigurationIsVisible = 0;
			defaultConfigurationName = Release;
		};
		7853173C1DDA3F1F00FC379A /* Build configuration list for PBXNativeTarget "ResqUITests" */ = {
			isa = XCConfigurationList;
			buildConfigurations = (
				7853173D1DDA3F1F00FC379A /* Debug */,
				7853173E1DDA3F1F00FC379A /* Release */,
			);
			defaultConfigurationIsVisible = 0;
			defaultConfigurationName = Release;
		};
/* End XCConfigurationList section */

/* Begin XCVersionGroup section */
		785317151DDA3F1E00FC379A /* Resq.xcdatamodeld */ = {
			isa = XCVersionGroup;
			children = (
				785317161DDA3F1E00FC379A /* Resq.xcdatamodel */,
			);
			currentVersion = 785317161DDA3F1E00FC379A /* Resq.xcdatamodel */;
			path = Resq.xcdatamodeld;
			sourceTree = "<group>";
			versionGroupType = wrapper.xcdatamodel;
		};
/* End XCVersionGroup section */
	};
	rootObject = 785316FE1DDA3F1E00FC379A /* Project object */;
}
